
Microsoft Visual Studio Solution File, Format Version 12.00
# Visual Studio Version 17
VisualStudioVersion = 17.7.34221.43
MinimumVisualStudioVersion = 10.0.40219.1
Project("{FAE04EC0-301F-11D3-BF4B-00C04F79EFBC}") = "ConsoleApp1", "ConsoleApp1\ConsoleApp1.csproj", "{D7BFCDBC-A200-4E3E-A569-ECF12922BD02}"
EndProject
Global
	GlobalSection(SolutionConfigurationPlatforms) = preSolution
		Debug|Any CPU = Debug|Any CPU
		Release|Any CPU = Release|Any CPU
	EndGlobalSection
	GlobalSection(ProjectConfigurationPlatforms) = postSolution
		{D7BFCDBC-A200-4E3E-A569-ECF12922BD02}.Debug|Any CPU.ActiveCfg = Debug|Any CPU
		{D7BFCDBC-A200-4E3E-A569-ECF12922BD02}.Debug|Any CPU.Build.0 = Debug|Any CPU
		{D7BFCDBC-A200-4E3E-A569-ECF12922BD02}.Release|Any CPU.ActiveCfg = Release|Any CPU
		{D7BFCDBC-A200-4E3E-A569-ECF12922BD02}.Release|Any CPU.Build.0 = Release|Any CPU
	EndGlobalSection
	GlobalSection(SolutionProperties) = preSolution
		HideSolutionNode = FALSE
	EndGlobalSection
	GlobalSection(ExtensibilityGlobals) = postSolution
		SolutionGuid = {2DA8FD2B-1309-40A0-AC59-B1BFA994F7D6}
	EndGlobalSection
EndGlobal
