
Microsoft Visual Studio Solution File, Format Version 12.00
# Visual Studio Version 17
VisualStudioVersion = 17.7.34221.43
MinimumVisualStudioVersion = 10.0.40219.1
Project("{FAE04EC0-301F-11D3-BF4B-00C04F79EFBC}") = "ConsoleApp1", "ConsoleApp1\ConsoleApp1.csproj", "{1B679398-1FFF-470D-84D6-9FC146F3767B}"
EndProject
Global
	GlobalSection(SolutionConfigurationPlatforms) = preSolution
		Debug|Any CPU = Debug|Any CPU
		Release|Any CPU = Release|Any CPU
	EndGlobalSection
	GlobalSection(ProjectConfigurationPlatforms) = postSolution
		{1B679398-1FFF-470D-84D6-9FC146F3767B}.Debug|Any CPU.ActiveCfg = Debug|Any CPU
		{1B679398-1FFF-470D-84D6-9FC146F3767B}.Debug|Any CPU.Build.0 = Debug|Any CPU
		{1B679398-1FFF-470D-84D6-9FC146F3767B}.Release|Any CPU.ActiveCfg = Release|Any CPU
		{1B679398-1FFF-470D-84D6-9FC146F3767B}.Release|Any CPU.Build.0 = Release|Any CPU
	EndGlobalSection
	GlobalSection(SolutionProperties) = preSolution
		HideSolutionNode = FALSE
	EndGlobalSection
	GlobalSection(ExtensibilityGlobals) = postSolution
		SolutionGuid = {BFD5AD9A-7E20-4078-A971-B3B230FD23B5}
	EndGlobalSection
EndGlobal
